{
  "name": "js-microfrontend-app",
  "version": "1.0.0",
  "lockfileVersion": 2,
  "requires": true,
  "packages": {
    "": {
      "name": "js-microfrontend-app",
      "version": "1.0.0",
      "license": "MIT",
      "workspaces": [
        "packages/*"
      ]
    },
    "node_modules/api": {
      "resolved": "packages/api",
      "link": true
    },
    "node_modules/app": {
      "resolved": "packages/app",
      "link": true
    },
    "packages/api": {
      "version": "1.0.0",
      "license": "ISC"
    },
    "packages/app": {
      "version": "1.0.0",
      "license": "ISC"
    }
  },
  "dependencies": {
    "api": {
      "version": "file:packages/api"
    },
    "app": {
      "version": "file:packages/app"
    }
  }
}
